
Microsoft Visual Studio Solution File, Format Version 12.00
# Visual Studio Version 17
VisualStudioVersion = 17.0.31612.314
MinimumVisualStudioVersion = 10.0.40219.1
Project("{9A19103F-16F7-4668-BE54-9A1E7A4F7556}") = "SuperHeroDb.Client", "SuperHeroDb\Client\SuperHeroDb.Client.csproj", "{65F27BC5-72FB-4473-8C15-30F1706C0DF0}"
EndProject
Project("{9A19103F-16F7-4668-BE54-9A1E7A4F7556}") = "SuperHeroDb.Server", "SuperHeroDb\Server\SuperHeroDb.Server.csproj", "{BC77B39D-1CA7-46E8-A938-5461DFEEE7F0}"
EndProject
Project("{9A19103F-16F7-4668-BE54-9A1E7A4F7556}") = "SuperHeroDb.Shared", "SuperHeroDb\Shared\SuperHeroDb.Shared.csproj", "{E30CC26B-9BDD-448D-AF9D-24230569B385}"
EndProject
Global
	GlobalSection(SolutionConfigurationPlatforms) = preSolution
		Debug|Any CPU = Debug|Any CPU
		Release|Any CPU = Release|Any CPU
	EndGlobalSection
	GlobalSection(ProjectConfigurationPlatforms) = postSolution
		{65F27BC5-72FB-4473-8C15-30F1706C0DF0}.Debug|Any CPU.ActiveCfg = Debug|Any CPU
		{65F27BC5-72FB-4473-8C15-30F1706C0DF0}.Debug|Any CPU.Build.0 = Debug|Any CPU
		{65F27BC5-72FB-4473-8C15-30F1706C0DF0}.Release|Any CPU.ActiveCfg = Release|Any CPU
		{65F27BC5-72FB-4473-8C15-30F1706C0DF0}.Release|Any CPU.Build.0 = Release|Any CPU
		{BC77B39D-1CA7-46E8-A938-5461DFEEE7F0}.Debug|Any CPU.ActiveCfg = Debug|Any CPU
		{BC77B39D-1CA7-46E8-A938-5461DFEEE7F0}.Debug|Any CPU.Build.0 = Debug|Any CPU
		{BC77B39D-1CA7-46E8-A938-5461DFEEE7F0}.Release|Any CPU.ActiveCfg = Release|Any CPU
		{BC77B39D-1CA7-46E8-A938-5461DFEEE7F0}.Release|Any CPU.Build.0 = Release|Any CPU
		{E30CC26B-9BDD-448D-AF9D-24230569B385}.Debug|Any CPU.ActiveCfg = Debug|Any CPU
		{E30CC26B-9BDD-448D-AF9D-24230569B385}.Debug|Any CPU.Build.0 = Debug|Any CPU
		{E30CC26B-9BDD-448D-AF9D-24230569B385}.Release|Any CPU.ActiveCfg = Release|Any CPU
		{E30CC26B-9BDD-448D-AF9D-24230569B385}.Release|Any CPU.Build.0 = Release|Any CPU
	EndGlobalSection
	GlobalSection(SolutionProperties) = preSolution
		HideSolutionNode = FALSE
	EndGlobalSection
	GlobalSection(ExtensibilityGlobals) = postSolution
		SolutionGuid = {F17D3618-4CAD-47D7-9F36-1A1AAED8215F}
	EndGlobalSection
EndGlobal
